
Microsoft Visual Studio Solution File, Format Version 12.00
# Visual Studio Version 17
VisualStudioVersion = 17.8.34309.116
MinimumVisualStudioVersion = 10.0.40219.1
Project("{FAE04EC0-301F-11D3-BF4B-00C04F79EFBC}") = "QLTVS", "QLTVS.csproj", "{D738B2A7-122F-4AD9-8857-4C8E75AE0487}"
EndProject
Project("{9A19103F-16F7-4668-BE54-9A1E7A4F7556}") = "QLTVS_API", "..\QLTSV_API\QLTVS_FINAL.csproj", "{3FED9770-ECD3-4A0F-BC3E-EA7D5A141374}"
EndProject
Global
	GlobalSection(SolutionConfigurationPlatforms) = preSolution
		Debug|Any CPU = Debug|Any CPU
		Release|Any CPU = Release|Any CPU
	EndGlobalSection
	GlobalSection(ProjectConfigurationPlatforms) = postSolution
		{D738B2A7-122F-4AD9-8857-4C8E75AE0487}.Debug|Any CPU.ActiveCfg = Debug|Any CPU
		{D738B2A7-122F-4AD9-8857-4C8E75AE0487}.Debug|Any CPU.Build.0 = Debug|Any CPU
		{D738B2A7-122F-4AD9-8857-4C8E75AE0487}.Release|Any CPU.ActiveCfg = Release|Any CPU
		{D738B2A7-122F-4AD9-8857-4C8E75AE0487}.Release|Any CPU.Build.0 = Release|Any CPU
		{3FED9770-ECD3-4A0F-BC3E-EA7D5A141374}.Debug|Any CPU.ActiveCfg = Debug|Any CPU
		{3FED9770-ECD3-4A0F-BC3E-EA7D5A141374}.Debug|Any CPU.Build.0 = Debug|Any CPU
		{3FED9770-ECD3-4A0F-BC3E-EA7D5A141374}.Release|Any CPU.ActiveCfg = Release|Any CPU
		{3FED9770-ECD3-4A0F-BC3E-EA7D5A141374}.Release|Any CPU.Build.0 = Release|Any CPU
	EndGlobalSection
	GlobalSection(SolutionProperties) = preSolution
		HideSolutionNode = FALSE
	EndGlobalSection
	GlobalSection(ExtensibilityGlobals) = postSolution
		SolutionGuid = {6B4F6163-75AB-4BFD-892A-5D980DE5B6A6}
	EndGlobalSection
EndGlobal
